
Microsoft Visual Studio Solution File, Format Version 12.00
# Visual Studio 15
VisualStudioVersion = 15.0.26730.8
MinimumVisualStudioVersion = 10.0.40219.1
Project("{9A19103F-16F7-4668-BE54-9A1E7A4F7556}") = "APIWithASPNETCore", "APIWithASPNETCore\APIWithASPNETCore.csproj", "{B93B99CD-81B9-4909-9E44-2F1FB8359723}"
EndProject
Project("{E53339B2-1760-4266-BCC7-CA923CBCF16C}") = "docker-compose", "docker-compose.dcproj", "{E1F49220-A4CF-416A-AD06-F865D38DF2BE}"
EndProject
Global
	GlobalSection(SolutionConfigurationPlatforms) = preSolution
		Debug|Any CPU = Debug|Any CPU
		Release|Any CPU = Release|Any CPU
	EndGlobalSection
	GlobalSection(ProjectConfigurationPlatforms) = postSolution
		{B93B99CD-81B9-4909-9E44-2F1FB8359723}.Debug|Any CPU.ActiveCfg = Debug|Any CPU
		{B93B99CD-81B9-4909-9E44-2F1FB8359723}.Debug|Any CPU.Build.0 = Debug|Any CPU
		{B93B99CD-81B9-4909-9E44-2F1FB8359723}.Release|Any CPU.ActiveCfg = Release|Any CPU
		{B93B99CD-81B9-4909-9E44-2F1FB8359723}.Release|Any CPU.Build.0 = Release|Any CPU
		{E1F49220-A4CF-416A-AD06-F865D38DF2BE}.Debug|Any CPU.ActiveCfg = Debug|Any CPU
		{E1F49220-A4CF-416A-AD06-F865D38DF2BE}.Debug|Any CPU.Build.0 = Debug|Any CPU
		{E1F49220-A4CF-416A-AD06-F865D38DF2BE}.Release|Any CPU.ActiveCfg = Release|Any CPU
		{E1F49220-A4CF-416A-AD06-F865D38DF2BE}.Release|Any CPU.Build.0 = Release|Any CPU
	EndGlobalSection
	GlobalSection(SolutionProperties) = preSolution
		HideSolutionNode = FALSE
	EndGlobalSection
	GlobalSection(ExtensibilityGlobals) = postSolution
		SolutionGuid = {59D25ABE-328C-4F6F-BA37-E9EA538229B7}
	EndGlobalSection
EndGlobal
